
Microsoft Visual Studio Solution File, Format Version 12.00
# Visual Studio 15
VisualStudioVersion = 15.0.28307.572
MinimumVisualStudioVersion = 10.0.40219.1
Project("{FAE04EC0-301F-11D3-BF4B-00C04F79EFBC}") = "LPP", "LPP\LPP.csproj", "{CCBF5177-BC03-4A7E-A244-DDB8DF823288}"
EndProject
Global
	GlobalSection(SolutionConfigurationPlatforms) = preSolution
		Debug|Any CPU = Debug|Any CPU
		Release|Any CPU = Release|Any CPU
	EndGlobalSection
	GlobalSection(ProjectConfigurationPlatforms) = postSolution
		{CCBF5177-BC03-4A7E-A244-DDB8DF823288}.Debug|Any CPU.ActiveCfg = Debug|Any CPU
		{CCBF5177-BC03-4A7E-A244-DDB8DF823288}.Debug|Any CPU.Build.0 = Debug|Any CPU
		{CCBF5177-BC03-4A7E-A244-DDB8DF823288}.Release|Any CPU.ActiveCfg = Release|Any CPU
		{CCBF5177-BC03-4A7E-A244-DDB8DF823288}.Release|Any CPU.Build.0 = Release|Any CPU
	EndGlobalSection
	GlobalSection(SolutionProperties) = preSolution
		HideSolutionNode = FALSE
	EndGlobalSection
	GlobalSection(ExtensibilityGlobals) = postSolution
		SolutionGuid = {D13AA7F0-C7D5-4FC3-AAD9-520064BD2546}
	EndGlobalSection
EndGlobal
